{
  "name": "viewer",
  "version": "1.0.0",
  "lockfileVersion": 3,
  "requires": true,
  "packages": {
    "": {
      "name": "viewer",
      "version": "1.0.0",
      "license": "ISC",
      "dependencies": {
        "@playcanvas/supersplat-viewer": "^1.22.4"
      }
    },
    "node_modules/@playcanvas/supersplat-viewer": {
      "version": "1.22.4",
      "resolved": "https://registry.npmjs.org/@playcanvas/supersplat-viewer/-/supersplat-viewer-1.22.4.tgz",
      "integrity": "sha512-V16CzEWfMwZhNidgl5ggNsZ0gDd+QGFca4e2roEUBnf6MRaTr/wTpZQ4BW4uJ67iB46Y5K+X3QM2xArXqVhkYw==",
      "license": "MIT",
      "engines": {
        "node": ">=18.0.0"
      }
    }
  }
}
